
Microsoft Visual Studio Solution File, Format Version 12.00
# Visual Studio 15
VisualStudioVersion = 15.0.28010.2026
MinimumVisualStudioVersion = 10.0.40219.1
Project("{FAE04EC0-301F-11D3-BF4B-00C04F79EFBC}") = "WebConsumer", "WebConsumer\WebConsumer.csproj", "{DFB066C3-C0F1-48DF-966A-0CC50976891C}"
EndProject
Global
	GlobalSection(SolutionConfigurationPlatforms) = preSolution
		Debug|Any CPU = Debug|Any CPU
		Release|Any CPU = Release|Any CPU
	EndGlobalSection
	GlobalSection(ProjectConfigurationPlatforms) = postSolution
		{DFB066C3-C0F1-48DF-966A-0CC50976891C}.Debug|Any CPU.ActiveCfg = Debug|Any CPU
		{DFB066C3-C0F1-48DF-966A-0CC50976891C}.Debug|Any CPU.Build.0 = Debug|Any CPU
		{DFB066C3-C0F1-48DF-966A-0CC50976891C}.Release|Any CPU.ActiveCfg = Release|Any CPU
		{DFB066C3-C0F1-48DF-966A-0CC50976891C}.Release|Any CPU.Build.0 = Release|Any CPU
	EndGlobalSection
	GlobalSection(SolutionProperties) = preSolution
		HideSolutionNode = FALSE
	EndGlobalSection
	GlobalSection(ExtensibilityGlobals) = postSolution
		SolutionGuid = {B0D05C66-B6B5-4FD6-A1D5-3746123D9C19}
	EndGlobalSection
EndGlobal
